
Microsoft Visual Studio Solution File, Format Version 12.00
# Visual Studio Version 17
VisualStudioVersion = 17.0.31903.59
MinimumVisualStudioVersion = 10.0.40219.1
Project("{2150E333-8FDC-42A3-9474-1A3956D46DE8}") = "src", "src", "{827E0CD3-B72D-47B6-A68D-7590B98EB39B}"
EndProject
Project("{FAE04EC0-301F-11D3-BF4B-00C04F79EFBC}") = "RealEstate.API", "src\RealEstate.API\RealEstate.API.csproj", "{0BF2C1AF-840D-4A6A-A8D5-7EBFB173F057}"
EndProject
Project("{FAE04EC0-301F-11D3-BF4B-00C04F79EFBC}") = "RealEstate.Core", "src\RealEstate.Core\RealEstate.Core.csproj", "{759C6442-E5AD-463D-BA5B-E5F5A95EEFA8}"
EndProject
Project("{FAE04EC0-301F-11D3-BF4B-00C04F79EFBC}") = "RealEstate.Infrastructure", "src\RealEstate.Infrastructure\RealEstate.Infrastructure.csproj", "{8A70BC6B-C87E-42CE-BB07-AEFDF732C30C}"
EndProject
Project("{2150E333-8FDC-42A3-9474-1A3956D46DE8}") = "tests", "tests", "{0AB3BF05-4346-4AA6-1389-037BE0695223}"
EndProject
Project("{FAE04EC0-301F-11D3-BF4B-00C04F79EFBC}") = "RealEstate.Tests", "tests\RealEstate.Tests\RealEstate.Tests.csproj", "{098E360B-2B14-42CC-B681-711908537D85}"
EndProject
Global
	GlobalSection(SolutionConfigurationPlatforms) = preSolution
		Debug|Any CPU = Debug|Any CPU
		Debug|x64 = Debug|x64
		Debug|x86 = Debug|x86
		Release|Any CPU = Release|Any CPU
		Release|x64 = Release|x64
		Release|x86 = Release|x86
	EndGlobalSection
	GlobalSection(ProjectConfigurationPlatforms) = postSolution
		{0BF2C1AF-840D-4A6A-A8D5-7EBFB173F057}.Debug|Any CPU.ActiveCfg = Debug|Any CPU
		{0BF2C1AF-840D-4A6A-A8D5-7EBFB173F057}.Debug|Any CPU.Build.0 = Debug|Any CPU
		{0BF2C1AF-840D-4A6A-A8D5-7EBFB173F057}.Debug|x64.ActiveCfg = Debug|Any CPU
		{0BF2C1AF-840D-4A6A-A8D5-7EBFB173F057}.Debug|x64.Build.0 = Debug|Any CPU
		{0BF2C1AF-840D-4A6A-A8D5-7EBFB173F057}.Debug|x86.ActiveCfg = Debug|Any CPU
		{0BF2C1AF-840D-4A6A-A8D5-7EBFB173F057}.Debug|x86.Build.0 = Debug|Any CPU
		{0BF2C1AF-840D-4A6A-A8D5-7EBFB173F057}.Release|Any CPU.ActiveCfg = Release|Any CPU
		{0BF2C1AF-840D-4A6A-A8D5-7EBFB173F057}.Release|Any CPU.Build.0 = Release|Any CPU
		{0BF2C1AF-840D-4A6A-A8D5-7EBFB173F057}.Release|x64.ActiveCfg = Release|Any CPU
		{0BF2C1AF-840D-4A6A-A8D5-7EBFB173F057}.Release|x64.Build.0 = Release|Any CPU
		{0BF2C1AF-840D-4A6A-A8D5-7EBFB173F057}.Release|x86.ActiveCfg = Release|Any CPU
		{0BF2C1AF-840D-4A6A-A8D5-7EBFB173F057}.Release|x86.Build.0 = Release|Any CPU
		{759C6442-E5AD-463D-BA5B-E5F5A95EEFA8}.Debug|Any CPU.ActiveCfg = Debug|Any CPU
		{759C6442-E5AD-463D-BA5B-E5F5A95EEFA8}.Debug|Any CPU.Build.0 = Debug|Any CPU
		{759C6442-E5AD-463D-BA5B-E5F5A95EEFA8}.Debug|x64.ActiveCfg = Debug|Any CPU
		{759C6442-E5AD-463D-BA5B-E5F5A95EEFA8}.Debug|x64.Build.0 = Debug|Any CPU
		{759C6442-E5AD-463D-BA5B-E5F5A95EEFA8}.Debug|x86.ActiveCfg = Debug|Any CPU
		{759C6442-E5AD-463D-BA5B-E5F5A95EEFA8}.Debug|x86.Build.0 = Debug|Any CPU
		{759C6442-E5AD-463D-BA5B-E5F5A95EEFA8}.Release|Any CPU.ActiveCfg = Release|Any CPU
		{759C6442-E5AD-463D-BA5B-E5F5A95EEFA8}.Release|Any CPU.Build.0 = Release|Any CPU
		{759C6442-E5AD-463D-BA5B-E5F5A95EEFA8}.Release|x64.ActiveCfg = Release|Any CPU
		{759C6442-E5AD-463D-BA5B-E5F5A95EEFA8}.Release|x64.Build.0 = Release|Any CPU
		{759C6442-E5AD-463D-BA5B-E5F5A95EEFA8}.Release|x86.ActiveCfg = Release|Any CPU
		{759C6442-E5AD-463D-BA5B-E5F5A95EEFA8}.Release|x86.Build.0 = Release|Any CPU
		{8A70BC6B-C87E-42CE-BB07-AEFDF732C30C}.Debug|Any CPU.ActiveCfg = Debug|Any CPU
		{8A70BC6B-C87E-42CE-BB07-AEFDF732C30C}.Debug|Any CPU.Build.0 = Debug|Any CPU
		{8A70BC6B-C87E-42CE-BB07-AEFDF732C30C}.Debug|x64.ActiveCfg = Debug|Any CPU
		{8A70BC6B-C87E-42CE-BB07-AEFDF732C30C}.Debug|x64.Build.0 = Debug|Any CPU
		{8A70BC6B-C87E-42CE-BB07-AEFDF732C30C}.Debug|x86.ActiveCfg = Debug|Any CPU
		{8A70BC6B-C87E-42CE-BB07-AEFDF732C30C}.Debug|x86.Build.0 = Debug|Any CPU
		{8A70BC6B-C87E-42CE-BB07-AEFDF732C30C}.Release|Any CPU.ActiveCfg = Release|Any CPU
		{8A70BC6B-C87E-42CE-BB07-AEFDF732C30C}.Release|Any CPU.Build.0 = Release|Any CPU
		{8A70BC6B-C87E-42CE-BB07-AEFDF732C30C}.Release|x64.ActiveCfg = Release|Any CPU
		{8A70BC6B-C87E-42CE-BB07-AEFDF732C30C}.Release|x64.Build.0 = Release|Any CPU
		{8A70BC6B-C87E-42CE-BB07-AEFDF732C30C}.Release|x86.ActiveCfg = Release|Any CPU
		{8A70BC6B-C87E-42CE-BB07-AEFDF732C30C}.Release|x86.Build.0 = Release|Any CPU
		{098E360B-2B14-42CC-B681-711908537D85}.Debug|Any CPU.ActiveCfg = Debug|Any CPU
		{098E360B-2B14-42CC-B681-711908537D85}.Debug|Any CPU.Build.0 = Debug|Any CPU
		{098E360B-2B14-42CC-B681-711908537D85}.Debug|x64.ActiveCfg = Debug|Any CPU
		{098E360B-2B14-42CC-B681-711908537D85}.Debug|x64.Build.0 = Debug|Any CPU
		{098E360B-2B14-42CC-B681-711908537D85}.Debug|x86.ActiveCfg = Debug|Any CPU
		{098E360B-2B14-42CC-B681-711908537D85}.Debug|x86.Build.0 = Debug|Any CPU
		{098E360B-2B14-42CC-B681-711908537D85}.Release|Any CPU.ActiveCfg = Release|Any CPU
		{098E360B-2B14-42CC-B681-711908537D85}.Release|Any CPU.Build.0 = Release|Any CPU
		{098E360B-2B14-42CC-B681-711908537D85}.Release|x64.ActiveCfg = Release|Any CPU
		{098E360B-2B14-42CC-B681-711908537D85}.Release|x64.Build.0 = Release|Any CPU
		{098E360B-2B14-42CC-B681-711908537D85}.Release|x86.ActiveCfg = Release|Any CPU
		{098E360B-2B14-42CC-B681-711908537D85}.Release|x86.Build.0 = Release|Any CPU
	EndGlobalSection
	GlobalSection(SolutionProperties) = preSolution
		HideSolutionNode = FALSE
	EndGlobalSection
	GlobalSection(NestedProjects) = preSolution
		{0BF2C1AF-840D-4A6A-A8D5-7EBFB173F057} = {827E0CD3-B72D-47B6-A68D-7590B98EB39B}
		{759C6442-E5AD-463D-BA5B-E5F5A95EEFA8} = {827E0CD3-B72D-47B6-A68D-7590B98EB39B}
		{8A70BC6B-C87E-42CE-BB07-AEFDF732C30C} = {827E0CD3-B72D-47B6-A68D-7590B98EB39B}
		{098E360B-2B14-42CC-B681-711908537D85} = {0AB3BF05-4346-4AA6-1389-037BE0695223}
	EndGlobalSection
EndGlobal
